{
  "requires": true,
  "lockfileVersion": 1,
  "dependencies": {
    "eslint-plugin-react-hooks": {
      "version": "4.0.5",
      "resolved": "https://registry.npmjs.org/eslint-plugin-react-hooks/-/eslint-plugin-react-hooks-4.0.5.tgz",
      "integrity": "sha512-3YLSjoArsE2rUwL8li4Yxx1SUg3DQWp+78N3bcJQGWVZckcp+yeQGsap/MSq05+thJk57o+Ww4PtZukXGL02TQ==",
      "dev": true
    }
  }
}
